{
  "object": {
    "pins": [
      {
        "package": "Connectivity",
        "repositoryURL": "https://github.com/rwbutler/Connectivity",
        "state": {
          "branch": null,
          "revision": "b8ab6b1b3e1c50617cb9ce581264e5002949bd14",
          "version": "3.3.3"
        }
      }
    ]
  },
  "version": 1
}
